
Microsoft Visual Studio Solution File, Format Version 12.00
# Visual Studio Version 18
VisualStudioVersion = 18.1.11312.151 d18.0
MinimumVisualStudioVersion = 10.0.40219.1
Project("{FAE04EC0-301F-11D3-BF4B-00C04F79EFBC}") = "AsiaSession", "AsiaSession\AsiaSession.csproj", "{ABC87FC7-8852-4FFC-8D57-A68DECB557BE}"
EndProject
Project("{2150E333-8FDC-42A3-9474-1A3956D46DE8}") = "Solution Items", "Solution Items", "{8EC462FD-D22E-90A8-E5CE-7E832BA40C5D}"
	ProjectSection(SolutionItems) = preProject
		LICENSE = LICENSE
		README.md = README.md
	EndProjectSection
EndProject
Global
	GlobalSection(SolutionConfigurationPlatforms) = preSolution
		Debug|Any CPU = Debug|Any CPU
		Release|Any CPU = Release|Any CPU
	EndGlobalSection
	GlobalSection(ProjectConfigurationPlatforms) = postSolution
		{ABC87FC7-8852-4FFC-8D57-A68DECB557BE}.Debug|Any CPU.ActiveCfg = Debug|Any CPU
		{ABC87FC7-8852-4FFC-8D57-A68DECB557BE}.Debug|Any CPU.Build.0 = Debug|Any CPU
		{ABC87FC7-8852-4FFC-8D57-A68DECB557BE}.Release|Any CPU.ActiveCfg = Release|Any CPU
		{ABC87FC7-8852-4FFC-8D57-A68DECB557BE}.Release|Any CPU.Build.0 = Release|Any CPU
	EndGlobalSection
	GlobalSection(SolutionProperties) = preSolution
		HideSolutionNode = FALSE
	EndGlobalSection
	GlobalSection(ExtensibilityGlobals) = postSolution
		SolutionGuid = {514AFBE4-FD61-400F-A350-022890808A55}
	EndGlobalSection
EndGlobal
